// !$*UTF8*$!
{
	archiveVersion = 1;
	classes = {
	};
	objectVersion = 46;
	objects = {

/* Begin PBXBuildFile section */
		832FAD5F1CF3BFE500EE1567 /* AppDelegate.swift in Sources */ = {isa = PBXBuildFile; fileRef = 832FAD5E1CF3BFE500EE1567 /* AppDelegate.swift */; };
		832FAD611CF3BFE500EE1567 /* ViewController.swift in Sources */ = {isa = PBXBuildFile; fileRef = 832FAD601CF3BFE500EE1567 /* ViewController.swift */; };
		832FAD641CF3BFE500EE1567 /* Main.storyboard in Resources */ = {isa = PBXBuildFile; fileRef = 832FAD621CF3BFE500EE1567 /* Main.storyboard */; };
		832FAD661CF3BFE500EE1567 /* Assets.xcassets in Resources */ = {isa = PBXBuildFile; fileRef = 832FAD651CF3BFE500EE1567 /* Assets.xcassets */; };
		832FAD691CF3BFE500EE1567 /* LaunchScreen.storyboard in Resources */ = {isa = PBXBuildFile; fileRef = 832FAD671CF3BFE500EE1567 /* LaunchScreen.storyboard */; };
		832FAD711CF3CD0400EE1567 /* Minecraft.ttf in Resources */ = {isa = PBXBuildFile; fileRef = 832FAD701CF3CD0400EE1567 /* Minecraft.ttf */; };
		832FAD731CF3DBE300EE1567 /* btn.wav in Resources */ = {isa = PBXBuildFile; fileRef = 832FAD721CF3DBE300EE1567 /* btn.wav */; };
/* End PBXBuildFile section */

/* Begin PBXFileReference section */
		832FAD5B1CF3BFE500EE1567 /* RetroCalc.app */ = {isa = PBXFileReference; explicitFileType = wrapper.application; includeInIndex = 0; path = RetroCalc.app; sourceTree = BUILT_PRODUCTS_DIR; };
		832FAD5E1CF3BFE500EE1567 /* AppDelegate.swift */ = {isa = PBXFileReference; lastKnownFileType = sourcecode.swift; path = AppDelegate.swift; sourceTree = "<group>"; };
		832FAD601CF3BFE500EE1567 /* ViewController.swift */ = {isa = PBXFileReference; lastKnownFileType = sourcecode.swift; path = ViewController.swift; sourceTree = "<group>"; };
		832FAD631CF3BFE500EE1567 /* Base */ = {isa = PBXFileReference; lastKnownFileType = file.storyboard; name = Base; path = Base.lproj/Main.storyboard; sourceTree = "<group>"; };
		832FAD651CF3BFE500EE1567 /* Assets.xcassets */ = {isa = PBXFileReference; lastKnownFileType = folder.assetcatalog; path = Assets.xcassets; sourceTree = "<group>"; };
		832FAD681CF3BFE500EE1567 /* Base */ = {isa = PBXFileReference; lastKnownFileType = file.storyboard; name = Base; path = Base.lproj/LaunchScreen.storyboard; sourceTree = "<group>"; };
		832FAD6A1CF3BFE500EE1567 /* Info.plist */ = {isa = PBXFileReference; lastKnownFileType = text.plist.xml; path = Info.plist; sourceTree = "<group>"; };
		832FAD701CF3CD0400EE1567 /* Minecraft.ttf */ = {isa = PBXFileReference; lastKnownFileType = file; path = Minecraft.ttf; sourceTree = "<group>"; };
		832FAD721CF3DBE300EE1567 /* btn.wav */ = {isa = PBXFileReference; lastKnownFileType = audio.wav; path = btn.wav; sourceTree = "<group>"; };
/* End PBXFileReference section */

/* Begin PBXFrameworksBuildPhase section */
		832FAD581CF3BFE500EE1567 /* Frameworks */ = {
			isa = PBXFrameworksBuildPhase;
			buildActionMask = 2147483647;
			files = (
			);
			runOnlyForDeploymentPostprocessing = 0;
		};
/* End PBXFrameworksBuildPhase section */

/* Begin PBXGroup section */
		832FAD521CF3BFE400EE1567 = {
			isa = PBXGroup;
			children = (
				832FAD5D1CF3BFE500EE1567 /* RetroCalc */,
				832FAD5C1CF3BFE500EE1567 /* Products */,
			);
			sourceTree = "<group>";
		};
		832FAD5C1CF3BFE500EE1567 /* Products */ = {
			isa = PBXGroup;
			children = (
				832FAD5B1CF3BFE500EE1567 /* RetroCalc.app */,
			);
			name = Products;
			sourceTree = "<group>";
		};
		832FAD5D1CF3BFE500EE1567 /* RetroCalc */ = {
			isa = PBXGroup;
			children = (
				832FAD701CF3CD0400EE1567 /* Minecraft.ttf */,
				832FAD721CF3DBE300EE1567 /* btn.wav */,
				832FAD5E1CF3BFE500EE1567 /* AppDelegate.swift */,
				832FAD601CF3BFE500EE1567 /* ViewController.swift */,
				832FAD621CF3BFE500EE1567 /* Main.storyboard */,
				832FAD651CF3BFE500EE1567 /* Assets.xcassets */,
				832FAD671CF3BFE500EE1567 /* LaunchScreen.storyboard */,
				832FAD6A1CF3BFE500EE1567 /* Info.plist */,
			);
			path = RetroCalc;
			sourceTree = "<group>";
		};
/* End PBXGroup section */

/* Begin PBXNativeTarget section */
		832FAD5A1CF3BFE500EE1567 /* RetroCalc */ = {
			isa = PBXNativeTarget;
			buildConfigurationList = 832FAD6D1CF3BFE500EE1567 /* Build configuration list for PBXNativeTarget "RetroCalc" */;
			buildPhases = (
				832FAD571CF3BFE500EE1567 /* Sources */,
				832FAD581CF3BFE500EE1567 /* Frameworks */,
				832FAD591CF3BFE500EE1567 /* Resources */,
			);
			buildRules = (
			);
			dependencies = (
			);
			name = RetroCalc;
			productName = RetroCalc;
			productReference = 832FAD5B1CF3BFE500EE1567 /* RetroCalc.app */;
			productType = "com.apple.product-type.application";
		};
/* End PBXNativeTarget section */

/* Begin PBXProject section */
		832FAD531CF3BFE500EE1567 /* Project object */ = {
			isa = PBXProject;
			attributes = {
				LastSwiftUpdateCheck = 0730;
				LastUpgradeCheck = 0730;
				ORGANIZATIONNAME = "Chris Nowak Tho, LLC";
				TargetAttributes = {
					832FAD5A1CF3BFE500EE1567 = {
						CreatedOnToolsVersion = 7.3.1;
					};
				};
			};
			buildConfigurationList = 832FAD561CF3BFE500EE1567 /* Build configuration list for PBXProject "RetroCalc" */;
			compatibilityVersion = "Xcode 3.2";
			developmentRegion = English;
			hasScannedForEncodings = 0;
			knownRegions = (
				en,
				Base,
			);
			mainGroup = 832FAD521CF3BFE400EE1567;
			productRefGroup = 832FAD5C1CF3BFE500EE1567 /* Products */;
			projectDirPath = "";
			projectRoot = "";
			targets = (
				832FAD5A1CF3BFE500EE1567 /* RetroCalc */,
			);
		};
/* End PBXProject section */

/* Begin PBXResourcesBuildPhase section */
		832FAD591CF3BFE500EE1567 /* Resources */ = {
			isa = PBXResourcesBuildPhase;
			buildActionMask = 2147483647;
			files = (
				832FAD731CF3DBE300EE1567 /* btn.wav in Resources */,
				832FAD691CF3BFE500EE1567 /* LaunchScreen.storyboard in Resources */,
				832FAD661CF3BFE500EE1567 /* Assets.xcassets in Resources */,
				832FAD711CF3CD0400EE1567 /* Minecraft.ttf in Resources */,
				832FAD641CF3BFE500EE1567 /* Main.storyboard in Resources */,
			);
			runOnlyForDeploymentPostprocessing = 0;
		};
/* End PBXResourcesBuildPhase section */

/* Begin PBXSourcesBuildPhase section */
		832FAD571CF3BFE500EE1567 /* Sources */ = {
			isa = PBXSourcesBuildPhase;
			buildActionMask = 2147483647;
			files = (
				832FAD611CF3BFE500EE1567 /* ViewController.swift in Sources */,
				832FAD5F1CF3BFE500EE1567 /* AppDelegate.swift in Sources */,
			);
			runOnlyForDeploymentPostprocessing = 0;
		};
/* End PBXSourcesBuildPhase section */

/* Begin PBXVariantGroup section */
		832FAD621CF3BFE500EE1567 /* Main.storyboard */ = {
			isa = PBXVariantGroup;
			children = (
				832FAD631CF3BFE500EE1567 /* Base */,
			);
			name = Main.storyboard;
			sourceTree = "<group>";
		};
		832FAD671CF3BFE500EE1567 /* LaunchScreen.storyboard */ = {
			isa = PBXVariantGroup;
			children = (
				832FAD681CF3BFE500EE1567 /* Base */,
			);
			name = LaunchScreen.storyboard;
			sourceTree = "<group>";
		};
/* End PBXVariantGroup section */

/* Begin XCBuildConfiguration section */
		832FAD6B1CF3BFE500EE1567 /* Debug */ = {
			isa = XCBuildConfiguration;
			buildSettings = {
				ALWAYS_SEARCH_USER_PATHS = NO;
				CLANG_ANALYZER_NONNULL = YES;
				CLANG_CXX_LANGUAGE_STANDARD = "gnu++0x";
				CLANG_CXX_LIBRARY = "libc++";
				CLANG_ENABLE_MODULES = YES;
				CLANG_ENABLE_OBJC_ARC = YES;
				CLANG_WARN_BOOL_CONVERSION = YES;
				CLANG_WARN_CONSTANT_CONVERSION = YES;
				CLANG_WARN_DIRECT_OBJC_ISA_USAGE = YES_ERROR;
				CLANG_WARN_EMPTY_BODY = YES;
				CLANG_WARN_ENUM_CONVERSION = YES;
				CLANG_WARN_INT_CONVERSION = YES;
				CLANG_WARN_OBJC_ROOT_CLASS = YES_ERROR;
				CLANG_WARN_UNREACHABLE_CODE = YES;
				CLANG_WARN__DUPLICATE_METHOD_MATCH = YES;
				"CODE_SIGN_IDENTITY[sdk=iphoneos*]" = "iPhone Developer";
				COPY_PHASE_STRIP = NO;
				DEBUG_INFORMATION_FORMAT = dwarf;
				ENABLE_STRICT_OBJC_MSGSEND = YES;
				ENABLE_TESTABILITY = YES;
				GCC_C_LANGUAGE_STANDARD = gnu99;
				GCC_DYNAMIC_NO_PIC = NO;
				GCC_NO_COMMON_BLOCKS = YES;
				GCC_OPTIMIZATION_LEVEL = 0;
				GCC_PREPROCESSOR_DEFINITIONS = (
					"DEBUG=1",
					"$(inherited)",
				);
				GCC_WARN_64_TO_32_BIT_CONVERSION = YES;
				GCC_WARN_ABOUT_RETURN_TYPE = YES_ERROR;
				GCC_WARN_UNDECLARED_SELECTOR = YES;
				GCC_WARN_UNINITIALIZED_AUTOS = YES_AGGRESSIVE;
				GCC_WARN_UNUSED_FUNCTION = YES;
				GCC_WARN_UNUSED_VARIABLE = YES;
				IPHONEOS_DEPLOYMENT_TARGET = 9.3;
				MTL_ENABLE_DEBUG_INFO = YES;
				ONLY_ACTIVE_ARCH = YES;
				SDKROOT = iphoneos;
				SWIFT_OPTIMIZATION_LEVEL = "-Onone";
				TARGETED_DEVICE_FAMILY = "1,2";
			};
			name = Debug;
		};
		832FAD6C1CF3BFE500EE1567 /* Release */ = {
			isa = XCBuildConfiguration;
			buildSettings = {
				ALWAYS_SEARCH_USER_PATHS = NO;
				CLANG_ANALYZER_NONNULL = YES;
				CLANG_CXX_LANGUAGE_STANDARD = "gnu++0x";
				CLANG_CXX_LIBRARY = "libc++";
				CLANG_ENABLE_MODULES = YES;
				CLANG_ENABLE_OBJC_ARC = YES;
				CLANG_WARN_BOOL_CONVERSION = YES;
				CLANG_WARN_CONSTANT_CONVERSION = YES;
				CLANG_WARN_DIRECT_OBJC_ISA_USAGE = YES_ERROR;
				CLANG_WARN_EMPTY_BODY = YES;
				CLANG_WARN_ENUM_CONVERSION = YES;
				CLANG_WARN_INT_CONVERSION = YES;
				CLANG_WARN_OBJC_ROOT_CLASS = YES_ERROR;
				CLANG_WARN_UNREACHABLE_CODE = YES;
				CLANG_WARN__DUPLICATE_METHOD_MATCH = YES;
				"CODE_SIGN_IDENTITY[sdk=iphoneos*]" = "iPhone Developer";
				COPY_PHASE_STRIP = NO;
				DEBUG_INFORMATION_FORMAT = "dwarf-with-dsym";
				ENABLE_NS_ASSERTIONS = NO;
				ENABLE_STRICT_OBJC_MSGSEND = YES;
				GCC_C_LANGUAGE_STANDARD = gnu99;
				GCC_NO_COMMON_BLOCKS = YES;
				GCC_WARN_64_TO_32_BIT_CONVERSION = YES;
				GCC_WARN_ABOUT_RETURN_TYPE = YES_ERROR;
				GCC_WARN_UNDECLARED_SELECTOR = YES;
				GCC_WARN_UNINITIALIZED_AUTOS = YES_AGGRESSIVE;
				GCC_WARN_UNUSED_FUNCTION = YES;
				GCC_WARN_UNUSED_VARIABLE = YES;
				IPHONEOS_DEPLOYMENT_TARGET = 9.3;
				MTL_ENABLE_DEBUG_INFO = NO;
				SDKROOT = iphoneos;
				TARGETED_DEVICE_FAMILY = "1,2";
				VALIDATE_PRODUCT = YES;
			};
			name = Release;
		};
		832FAD6E1CF3BFE500EE1567 /* Debug */ = {
			isa = XCBuildConfiguration;
			buildSettings = {
				ASSETCATALOG_COMPILER_APPICON_NAME = AppIcon;
				INFOPLIST_FILE = RetroCalc/Info.plist;
				LD_RUNPATH_SEARCH_PATHS = "$(inherited) @executable_path/Frameworks";
				PRODUCT_BUNDLE_IDENTIFIER = com.chrisNowakTho.RetroCalc;
				PRODUCT_NAME = "$(TARGET_NAME)";
			};
			name = Debug;
		};
		832FAD6F1CF3BFE500EE1567 /* Release */ = {
			isa = XCBuildConfiguration;
			buildSettings = {
				ASSETCATALOG_COMPILER_APPICON_NAME = AppIcon;
				INFOPLIST_FILE = RetroCalc/Info.plist;
				LD_RUNPATH_SEARCH_PATHS = "$(inherited) @executable_path/Frameworks";
				PRODUCT_BUNDLE_IDENTIFIER = com.chrisNowakTho.RetroCalc;
				PRODUCT_NAME = "$(TARGET_NAME)";
			};
			name = Release;
		};
/* End XCBuildConfiguration section */

/* Begin XCConfigurationList section */
		832FAD561CF3BFE500EE1567 /* Build configuration list for PBXProject "RetroCalc" */ = {
			isa = XCConfigurationList;
			buildConfigurations = (
				832FAD6B1CF3BFE500EE1567 /* Debug */,
				832FAD6C1CF3BFE500EE1567 /* Release */,
			);
			defaultConfigurationIsVisible = 0;
			defaultConfigurationName = Release;
		};
		832FAD6D1CF3BFE500EE1567 /* Build configuration list for PBXNativeTarget "RetroCalc" */ = {
			isa = XCConfigurationList;
			buildConfigurations = (
				832FAD6E1CF3BFE500EE1567 /* Debug */,
				832FAD6F1CF3BFE500EE1567 /* Release */,
			);
			defaultConfigurationIsVisible = 0;
		};
/* End XCConfigurationList section */
	};
	rootObject = 832FAD531CF3BFE500EE1567 /* Project object */;
}
